
Microsoft Visual Studio Solution File, Format Version 12.00
# Visual Studio Version 17
VisualStudioVersion = 17.5.002.0
MinimumVisualStudioVersion = 10.0.40219.1
Project("{2150E333-8FDC-42A3-9474-1A3956D46DE8}") = "GuidedProject", "GuidedProject", "{7C9D8A0A-C7B2-47BE-B6A3-B441C8F1D858}"
EndProject
Project("{9A19103F-16F7-4668-BE54-9A1E7A4F7556}") = "Starter", "GuidedProject\Starter\Starter.csproj", "{F3F41D25-D6C1-48D9-A0A6-FF91CAF59D1E}"
EndProject
Project("{9A19103F-16F7-4668-BE54-9A1E7A4F7556}") = "Final", "GuidedProject\Final\Final.csproj", "{5FA35859-67D9-4B0D-96E9-FF36E04CD483}"
EndProject
Global
	GlobalSection(SolutionConfigurationPlatforms) = preSolution
		Debug|Any CPU = Debug|Any CPU
		Release|Any CPU = Release|Any CPU
	EndGlobalSection
	GlobalSection(ProjectConfigurationPlatforms) = postSolution
		{F3F41D25-D6C1-48D9-A0A6-FF91CAF59D1E}.Debug|Any CPU.ActiveCfg = Debug|Any CPU
		{F3F41D25-D6C1-48D9-A0A6-FF91CAF59D1E}.Debug|Any CPU.Build.0 = Debug|Any CPU
		{F3F41D25-D6C1-48D9-A0A6-FF91CAF59D1E}.Release|Any CPU.ActiveCfg = Release|Any CPU
		{F3F41D25-D6C1-48D9-A0A6-FF91CAF59D1E}.Release|Any CPU.Build.0 = Release|Any CPU
		{5FA35859-67D9-4B0D-96E9-FF36E04CD483}.Debug|Any CPU.ActiveCfg = Debug|Any CPU
		{5FA35859-67D9-4B0D-96E9-FF36E04CD483}.Debug|Any CPU.Build.0 = Debug|Any CPU
		{5FA35859-67D9-4B0D-96E9-FF36E04CD483}.Release|Any CPU.ActiveCfg = Release|Any CPU
		{5FA35859-67D9-4B0D-96E9-FF36E04CD483}.Release|Any CPU.Build.0 = Release|Any CPU
	EndGlobalSection
	GlobalSection(SolutionProperties) = preSolution
		HideSolutionNode = FALSE
	EndGlobalSection
	GlobalSection(NestedProjects) = preSolution
		{F3F41D25-D6C1-48D9-A0A6-FF91CAF59D1E} = {7C9D8A0A-C7B2-47BE-B6A3-B441C8F1D858}
		{5FA35859-67D9-4B0D-96E9-FF36E04CD483} = {7C9D8A0A-C7B2-47BE-B6A3-B441C8F1D858}
	EndGlobalSection
	GlobalSection(ExtensibilityGlobals) = postSolution
		SolutionGuid = {F1E313D3-BDAC-4079-8329-2DC37EE50004}
	EndGlobalSection
EndGlobal
