
Microsoft Visual Studio Solution File, Format Version 12.00
# Visual Studio Version 17
VisualStudioVersion = 17.5.002.0
MinimumVisualStudioVersion = 10.0.40219.1
Project("{2150E333-8FDC-42A3-9474-1A3956D46DE8}") = "ChallengeProject", "ChallengeProject", "{B8966BE1-E04E-414A-8F63-054F76568680}"
EndProject
Project("{9A19103F-16F7-4668-BE54-9A1E7A4F7556}") = "Starter", "ChallengeProject\Starter\Starter.csproj", "{77D582D9-3E65-4AFB-B8CA-A1BF3E91663D}"
EndProject
Project("{9A19103F-16F7-4668-BE54-9A1E7A4F7556}") = "Final", "ChallengeProject\Final\Final.csproj", "{6E293A77-FDB4-4433-864B-1351F2A4ACFB}"
EndProject
Global
	GlobalSection(SolutionConfigurationPlatforms) = preSolution
		Debug|Any CPU = Debug|Any CPU
		Release|Any CPU = Release|Any CPU
	EndGlobalSection
	GlobalSection(ProjectConfigurationPlatforms) = postSolution
		{77D582D9-3E65-4AFB-B8CA-A1BF3E91663D}.Debug|Any CPU.ActiveCfg = Debug|Any CPU
		{77D582D9-3E65-4AFB-B8CA-A1BF3E91663D}.Debug|Any CPU.Build.0 = Debug|Any CPU
		{77D582D9-3E65-4AFB-B8CA-A1BF3E91663D}.Release|Any CPU.ActiveCfg = Release|Any CPU
		{77D582D9-3E65-4AFB-B8CA-A1BF3E91663D}.Release|Any CPU.Build.0 = Release|Any CPU
		{6E293A77-FDB4-4433-864B-1351F2A4ACFB}.Debug|Any CPU.ActiveCfg = Debug|Any CPU
		{6E293A77-FDB4-4433-864B-1351F2A4ACFB}.Debug|Any CPU.Build.0 = Debug|Any CPU
		{6E293A77-FDB4-4433-864B-1351F2A4ACFB}.Release|Any CPU.ActiveCfg = Release|Any CPU
		{6E293A77-FDB4-4433-864B-1351F2A4ACFB}.Release|Any CPU.Build.0 = Release|Any CPU
	EndGlobalSection
	GlobalSection(SolutionProperties) = preSolution
		HideSolutionNode = FALSE
	EndGlobalSection
	GlobalSection(NestedProjects) = preSolution
		{77D582D9-3E65-4AFB-B8CA-A1BF3E91663D} = {B8966BE1-E04E-414A-8F63-054F76568680}
		{6E293A77-FDB4-4433-864B-1351F2A4ACFB} = {B8966BE1-E04E-414A-8F63-054F76568680}
	EndGlobalSection
	GlobalSection(ExtensibilityGlobals) = postSolution
		SolutionGuid = {20445AB3-1723-41FF-9021-A889F999C826}
	EndGlobalSection
EndGlobal
